{
    "_meta": {
        "hash": {
            "sha256": "efebb1816f71a6561bd03571918b3491ea543e1c8792b4ceecba5c9ed4dce0c9"
        },
        "pipfile-spec": 6,
        "requires": {
            "python_version": "3.6.8"
        },
        "sources": [
            {
                "name": "pypi",
                "url": "https://pypi.org/simple",
                "verify_ssl": true
            }
        ]
    },
    "default": {
        "attrs": {
            "hashes": [
                "sha256:29adc2665447e5191d0e7c568fde78b21f9672d344281d0c6e1ab085429b22b6",
                "sha256:86efa402f67bf2df34f51a335487cf46b1ec130d02b8d39fd248abfd30da551c"
            ],
            "markers": "python_version >= '3.5'",
            "version": "==22.1.0"
        },
        "beautifulsoup4": {
            "hashes": [
                "sha256:73cc4d115b96f79c7d77c1c7f7a0a8d4c57860d1041df407dd1aae7f07a77fd7",
                "sha256:a6237df3c32ccfaee4fd201c8f5f9d9df619b93121d01353a64a73ce8c6ef9a8",
                "sha256:e718f2342e2e099b640a34ab782407b7b676f47ee272d6739e60b8ea23829f2c"
            ],
            "index": "pypi",
            "version": "==4.9.1"
        },
        "blis": {
            "hashes": [
                "sha256:00473602629ba69fe6565108e21957e918cb48b59f5bf2f6bfb6e04de42500cb",
                "sha256:03c368c9716ca814c436550a5f1e02ccf74850e613602519e3941d212e5aa177",
                "sha256:135450caabc8aea9bb9250329ebdf7189982d9b57d5c92789b2ba2fe52c247a7",
                "sha256:1402d9cbb0fbc21b749dd5b87d7ee14249e74a0ca38be6ecc56b3b356fca2f21",
                "sha256:26b16d6005bb2671699831b5cc699905215d1abde1ec5c1d04de7dcd9eb29f75",
                "sha256:3347a4b1b7d3ae14476aac9a6f7bf8ebf464863f4ebf4aea228874a7694ea240",
                "sha256:38fe877a4b52e762f5e137a412e3c256545a696a12ae8c40d67b8815d2bb5097",
                "sha256:4fb89c47ee06b58a4410a16fd5794847517262c9d2a342643475b477dfeff0a4",
                "sha256:77a6486b9794af01bcdfd1bc6e067c93add4b93292e6f95bf6e5ce7f98bf0163",
                "sha256:856142a11e37fd2c47c5006a3197e157bb8469a491a73d2d442223dd3279df84",
                "sha256:8aeaf6954351593a1e412f80e398aa51df588d3c0de74b9f3323b694c603381b",
                "sha256:9ede123065f3cacb109967755b3d83d4ca0de90643a9058129a6ab2d4051954f",
                "sha256:d1d59faebc1c94f8f4f77154ef4b9d6d40364b111cf8fde48ee3b524c85f1075",
                "sha256:d69257d317e86f34a7f230a2fd1f021fd2a1b944137f40d8cdbb23bd334cd0c4",
                "sha256:ddd732c5274d1082fa92e2c42317587d5ebabce7741ca98120f69bd45d004b99",
                "sha256:f0b0dad4d6268d9dba0a65a9db12dd7a2d8686b648399e4aa1aec7550697e99e"
            ],
            "version": "==0.4.1"
        },
        "catalogue": {
            "hashes": [
                "sha256:bfde9cbc97b85285bd890c0cb01ed3577e4e2cf0e8d412da6d3756afb36606d9",
                "sha256:c9a07ab312f625498a1ea712cd711e1952333c9459c4c674ffc3f05591258334"
            ],
            "markers": "python_version >= '3.6'",
            "version": "==1.0.2"
        },
        "certifi": {
            "hashes": [
                "sha256:35824b4c3a97115964b408844d64aa14db1cc518f6562e8d7261699d1350a9e3",
                "sha256:4ad3232f5e926d6718ec31cfc1fcadfde020920e278684144551c91769c7bc18"
            ],
            "index": "pypi",
            "version": "==2022.12.7"
        },
        "charset-normalizer": {
            "hashes": [
                "sha256:2857e29ff0d34db842cd7ca3230549d1a697f96ee6d3fb071cfa6c7393832597",
                "sha256:6881edbebdb17b39b4eaaa821b438bf6eddffb4468cf344f09f89def34a8b1df"
            ],
            "markers": "python_version >= '3'",
            "version": "==2.0.12"
        },
        "cymem": {
            "hashes": [
                "sha256:011039e12d3144ac1bf3a6b38f5722b817f0d6487c8184e88c891b360b69f533",
                "sha256:0ac45088abffbae9b7db2c597f098de51b7e3c1023cb314e55c0f7f08440cf66",
                "sha256:10178e402bb512b2686b8c2f41f930111e597237ca8f85cb583ea93822ef798d",
                "sha256:24b779046484674c054af1e779c68cb224dc9694200ac13b22129d7fb7e99e6d",
                "sha256:26e5d5c6958855d2fe3d5629afe85a6aae5531abaa76f4bc21b9abf9caaccdfe",
                "sha256:2aa33f1dbd7ceda37970e174c38fd1cf106817a261aa58521ba9918156868231",
                "sha256:314273be1f143da674388e0a125d409e2721fbf669c380ae27c5cbae4011e26d",
                "sha256:3da89464021fe669932fce1578343fcaf701e47e3206f50d320f4f21e6683ca5",
                "sha256:42aedfd2e77aa0518a24a2a60a2147308903abc8b13c84504af58539c39e52a3",
                "sha256:4302df5793a320c4f4a263c7785d2fa7f29928d72cb83ebeb34d64a610f8d819",
                "sha256:48b98da6b906fe976865263e27734ebc64f972a978a999d447ad6c83334e3f90",
                "sha256:4981fc9182cc1fe54bfedf5f73bfec3ce0c27582d9be71e130c46e35958beef0",
                "sha256:4f359cab9f16e25b3098f816c40acbf1697a3b614a8d02c56e6ebcb9c89a06b3",
                "sha256:59a09cf0e71b1b88bfa0de544b801585d81d06ea123c1725e7c5da05b7ca0d20",
                "sha256:5ea6b027fdad0c3e9a4f1b94d28d213be08c466a60c72c633eb9db76cf30e53a",
                "sha256:6c50794c612801ed8b599cd4af1ed810a0d39011711c8224f93e1153c00e08d1",
                "sha256:6f9e63e5ad4ed6ffa21fd8db1c03b05be3fea2f32e32fdace67a840ea2702c3d",
                "sha256:85359ab7b490e6c897c04863704481600bd45188a0e2ca7375eb5db193e13cb7",
                "sha256:864701e626b65eb2256060564ed8eb034ebb0a8f14ce3fbef337e88352cdee9f",
                "sha256:9e5e1b7de7952d89508d07601b9e95b2244e70d7ef60fbc161b3ad68f22815f8",
                "sha256:a2971b7da5aa2e65d8fbbe9f2acfc19ff8e73f1896e3d6e1223cc9bf275a0207",
                "sha256:a9525ad563b36dc1e30889d0087a0daa67dd7bb7d3e1530c4b61cd65cc756a5b",
                "sha256:c183257dc5ab237b664f64156c743e788f562417c74ea58c5a3939fe2d48d6f6",
                "sha256:d18250f97eeb13af2e8b19d3cefe4bf743b963d93320b0a2e729771410fd8cf4",
                "sha256:df543a36e7000808fe0a03d92fd6cd8bf23fa8737c3f7ae791a5386de797bf79",
                "sha256:e156788d32ad8f7141330913c5d5d2aa67182fca8f15ae22645e9f379abe8a4c",
                "sha256:e6034badb5dd4e10344211c81f16505a55553a7164adc314c75bd80cf07e57a8",
                "sha256:f165d7bce55d6730930e29d8294569788aa127f1be8d1642d9550ed96223cb37"
            ],
            "version": "==2.0.7"
        },
        "fasttext": {
            "hashes": [
                "sha256:665556f1f6dcb4fcbe25fa8ebcd4f71b18fa96a090de09d88d97a60cbd29dcb5"
            ],
            "index": "pypi",
            "version": "==0.9.2"
        },
        "idna": {
            "hashes": [
                "sha256:814f528e8dead7d329833b91c5faa87d60bf71824cd12a7530b5526063d02cb4",
                "sha256:90b77e79eaa3eba6de819a0c442c0b4ceefc341a7a2ab77d7562bf49f425c5c2"
            ],
            "markers": "python_version >= '3'",
            "version": "==3.4"
        },
        "importlib-metadata": {
            "hashes": [
                "sha256:65a9576a5b2d58ca44d133c42a241905cc45e34d2c06fd5ba2bafa221e5d7b5e",
                "sha256:766abffff765960fcc18003801f7044eb6755ffae4521c8e8ce8e83b9c9b0668"
            ],
            "markers": "python_version < '3.8'",
            "version": "==4.8.3"
        },
        "importlib-resources": {
            "hashes": [
                "sha256:33a95faed5fc19b4bc16b29a6eeae248a3fe69dd55d4d229d2b480e23eeaad45",
                "sha256:d756e2f85dd4de2ba89be0b21dba2a3bbec2e871a42a3a16719258a11f87506b"
            ],
            "markers": "python_version < '3.7'",
            "version": "==5.4.0"
        },
        "more-itertools": {
            "hashes": [
                "sha256:1bc4f91ee5b1b31ac7ceacc17c09befe6a40a503907baf9c839c229b5095cfd2",
                "sha256:c09443cd3d5438b8dafccd867a6bc1cb0894389e90cb53d227456b0b0bccb750"
            ],
            "markers": "python_version >= '3.5'",
            "version": "==8.14.0"
        },
        "murmurhash": {
            "hashes": [
                "sha256:01137d688a6b259bde642513506b062364ea4e1609f886d9bd095c3ae6da0b94",
                "sha256:0ac5530c250d2b0073ed058555847c8d88d2d00229e483d45658c13b32398523",
                "sha256:0c2e2ee2d91a87952fe0f80212e86119aa1fd7681f03e6c99b279e50790dc2b3",
                "sha256:0eb0f8e652431ea238c11bcb671fef5c03aff0544bf7e098df81ea4b6d495405",
                "sha256:1b70bbf55d89713873a35bd4002bc231d38e530e1051d57ca5d15f96c01fd778",
                "sha256:213d0248e586082e1cab6157d9945b846fd2b6be34357ad5ea0d03a1931d82ba",
                "sha256:241693c1c819148eac29d7882739b1099c891f1f7431127b2652c23f81722cec",
                "sha256:2aebe2ae016525a662ff772b72a2c9244a673e3215fcd49897f494258b96f3e7",
                "sha256:379bf6b414bd27dd36772dd1570565a7d69918e980457370838bd514df0d91e9",
                "sha256:3e802fa5b0e618ee99e8c114ce99fc91677f14e9de6e18b945d91323a93c84e8",
                "sha256:47f5ca56c430230d3b581dfdbc54eb3ad8b0406dcc9afdd978da2e662c71d370",
                "sha256:5dc41be79ba4d09aab7e9110a8a4d4b37b184b63767b1b247411667cdb1057a3",
                "sha256:5ef31b5c11be2c064dbbdd0e22ab3effa9ceb5b11ae735295c717c120087dd94",
                "sha256:660ae41fc6609abc05130543011a45b33ca5d8318ae5c70e66bbd351ca936063",
                "sha256:69157e8fa6b25c4383645227069f6a1f8738d32ed2a83558961019ca3ebef56a",
                "sha256:697ed01454d92681c7ae26eb1adcdc654b54062bcc59db38ed03cad71b23d449",
                "sha256:799fcbca5693ad6a40f565ae6b8e9718e5875a63deddf343825c0f31c32348fa",
                "sha256:8c3d69fb649c77c74a55624ebf7a0df3c81629e6ea6e80048134f015da57b2ea",
                "sha256:94b89d02aeab5e6bad5056f9d08df03ac7cfe06e61ff4b6340feb227fda80ce8",
                "sha256:a5952f9c18a717fa17579e27f57bfa619299546011a8378a8f73e14eece332f6",
                "sha256:ab78675510f83e7a3c6bd0abdc448a9a2b0b385b0d7ee766cbbfc5cc278a3042",
                "sha256:b129e1c5ebd772e6ff5ef925bcce695df13169bd885337e6074b923ab6edcfc8",
                "sha256:c0f84ecdf37c06eda0222f2f9e81c0974e1a7659c35b755ab2fdc642ebd366db",
                "sha256:cf0b3fe54dca598f5b18c9951e70812e070ecb4c0672ad2cc32efde8a33b3df6",
                "sha256:d7a2bd203377a31bbb2d83fe3f968756d6c9bbfa36c64c6ebfc3c6494fc680bc",
                "sha256:ef79202feeac68e83971239169a05fa6514ecc2815ce04c8302076d267870f6e",
                "sha256:f9b995bc82eaf9223e045210207b8878fdfe099a788dd8abd708d9ee58459a9d",
                "sha256:fe7a38cb0d3d87c14ec9dddc4932ffe2dbc77d75469ab80fd5014689b0e07b58"
            ],
            "markers": "python_version >= '3.6'",
            "version": "==1.0.9"
        },
        "numpy": {
            "hashes": [
                "sha256:012426a41bc9ab63bb158635aecccc7610e3eff5d31d1eb43bc099debc979d94",
                "sha256:06fab248a088e439402141ea04f0fffb203723148f6ee791e9c75b3e9e82f080",
                "sha256:0eef32ca3132a48e43f6a0f5a82cb508f22ce5a3d6f67a8329c81c8e226d3f6e",
                "sha256:1ded4fce9cfaaf24e7a0ab51b7a87be9038ea1ace7f34b841fe3b6894c721d1c",
                "sha256:2e55195bc1c6b705bfd8ad6f288b38b11b1af32f3c8289d6c50d47f950c12e76",
                "sha256:2ea52bd92ab9f768cc64a4c3ef8f4b2580a17af0a5436f6126b08efbd1838371",
                "sha256:36674959eed6957e61f11c912f71e78857a8d0604171dfd9ce9ad5cbf41c511c",
                "sha256:384ec0463d1c2671170901994aeb6dce126de0a95ccc3976c43b0038a37329c2",
                "sha256:39b70c19ec771805081578cc936bbe95336798b7edf4732ed102e7a43ec5c07a",
                "sha256:400580cbd3cff6ffa6293df2278c75aef2d58d8d93d3c5614cd67981dae68ceb",
                "sha256:43d4c81d5ffdff6bae58d66a3cd7f54a7acd9a0e7b18d97abb255defc09e3140",
                "sha256:50a4a0ad0111cc1b71fa32dedd05fa239f7fb5a43a40663269bb5dc7877cfd28",
                "sha256:603aa0706be710eea8884af807b1b3bc9fb2e49b9f4da439e76000f3b3c6ff0f",
                "sha256:6149a185cece5ee78d1d196938b2a8f9d09f5a5ebfbba66969302a778d5ddd1d",
                "sha256:759e4095edc3c1b3ac031f34d9459fa781777a93ccc633a472a5468587a190ff",
                "sha256:7fb43004bce0ca31d8f13a6eb5e943fa73371381e53f7074ed21a4cb786c32f8",
                "sha256:811daee36a58dc79cf3d8bdd4a490e4277d0e4b7d103a001a4e73ddb48e7e6aa",
                "sha256:8b5e972b43c8fc27d56550b4120fe6257fdc15f9301914380b27f74856299fea",
                "sha256:99abf4f353c3d1a0c7a5f27699482c987cf663b1eac20db59b8c7b061eabd7fc",
                "sha256:a0d53e51a6cb6f0d9082decb7a4cb6dfb33055308c4c44f53103c073f649af73",
                "sha256:a12ff4c8ddfee61f90a1633a4c4afd3f7bcb32b11c52026c92a12e1325922d0d",
                "sha256:a4646724fba402aa7504cd48b4b50e783296b5e10a524c7a6da62e4a8ac9698d",
                "sha256:a76f502430dd98d7546e1ea2250a7360c065a5fdea52b2dffe8ae7180909b6f4",
                "sha256:a9d17f2be3b427fbb2bce61e596cf555d6f8a56c222bd2ca148baeeb5e5c783c",
                "sha256:ab83f24d5c52d60dbc8cd0528759532736b56db58adaa7b5f1f76ad551416a1e",
                "sha256:aeb9ed923be74e659984e321f609b9ba54a48354bfd168d21a2b072ed1e833ea",
                "sha256:c843b3f50d1ab7361ca4f0b3639bf691569493a56808a0b0c54a051d260b7dbd",
                "sha256:cae865b1cae1ec2663d8ea56ef6ff185bad091a5e33ebbadd98de2cfa3fa668f",
                "sha256:cc6bd4fd593cb261332568485e20a0712883cf631f6f5e8e86a52caa8b2b50ff",
                "sha256:cf2402002d3d9f91c8b01e66fbb436a4ed01c6498fffed0e4c7566da1d40ee1e",
                "sha256:d051ec1c64b85ecc69531e1137bb9751c6830772ee5c1c426dbcfe98ef5788d7",
                "sha256:d6631f2e867676b13026e2846180e2c13c1e11289d67da08d71cacb2cd93d4aa",
                "sha256:dbd18bcf4889b720ba13a27ec2f2aac1981bd41203b3a3b27ba7a33f88ae4827",
                "sha256:df609c82f18c5b9f6cb97271f03315ff0dbe481a2a02e56aeb1b1a985ce38e60"
            ],
            "markers": "python_version >= '3.6'",
            "version": "==1.19.5"
        },
        "packaging": {
            "hashes": [
                "sha256:dd47c42927d89ab911e606518907cc2d3a1f38bbd026385970643f9c5b8ecfeb",
                "sha256:ef103e05f519cdc783ae24ea4e2e0f508a9c99b2d4969652eed6a2e1ea5bd522"
            ],
            "markers": "python_version >= '3.6'",
            "version": "==21.3"
        },
        "plac": {
            "hashes": [
                "sha256:398cb947c60c4c25e275e1f1dadf027e7096858fb260b8ece3b33bcff90d985f",
                "sha256:487e553017d419f35add346c4c09707e52fa53f7e7181ce1098ca27620e9ceee"
            ],
            "version": "==1.1.3"
        },
        "pluggy": {
            "hashes": [
                "sha256:15b2acde666561e1298d71b523007ed7364de07029219b604cf808bfa1c765b0",
                "sha256:966c145cd83c96502c3c3868f50408687b38434af77734af1e9ca461a4081d2d"
            ],
            "markers": "python_version >= '2.7' and python_version not in '3.0, 3.1, 3.2, 3.3'",
            "version": "==0.13.1"
        },
        "preshed": {
            "hashes": [
                "sha256:019d8fa4161035811fb2804d03214143298739e162d0ad24e087bd46c50970f5",
                "sha256:06793022a56782ef51d74f1399925a2ba958e50c5cfbc6fa5b25c4945e158a07",
                "sha256:09cc9da2ac1b23010ce7d88a5e20f1033595e6dd80be14318e43b9409f4c7697",
                "sha256:0ae25a010c9f551aa2247ee621457f679e07c57fc99d3fd44f84cb40b925f12c",
                "sha256:0e1bb8701df7861af26a312225bdf7c4822ac06fcf75aeb60fe2b0a20e64c222",
                "sha256:135e2ac0db1a3948d6ec295598c7e182b52c394663f2fcfe36a97ae51186be21",
                "sha256:246e7c6890dc7fe9b10f0e31de3346b906e3862b6ef42fcbede37968f46a73bf",
                "sha256:25b5ef5e387a0e17ff41202a8c1816184ab6fb3c0d0b847bf8add0ed5941eb8d",
                "sha256:53d3e2456a085425c66af7baba62d7eaa24aa5e460e1a9e02c401a2ed59abd7b",
                "sha256:5942858170c4f53d9afc6352a86bbc72fc96cc4d8964b6415492114a5920d3ed",
                "sha256:5a6a7fcf7dd2e7711051b3f0432da9ec9c748954c989f49d2cd8eabf8c2d953e",
                "sha256:67643e66691770dc3434b01671648f481e3455209ce953727ef2330b16790aaa",
                "sha256:6a49ce52856fbb3ef4f1cc744c53f5d7e1ca370b1939620ac2509a6d25e02a50",
                "sha256:6c74c70078809bfddda17be96483c41d06d717934b07cab7921011d81758b357",
                "sha256:720593baf2c2e295f855192974799e486da5f50d4548db93c44f5726a43cefb9",
                "sha256:7f8837bf616335464f3713cbf562a3dcaad22c3ca9193f957018964ef871a68b",
                "sha256:854d58a8913ebf3b193b0dc8064155b034e8987de25f26838dfeca09151fda8a",
                "sha256:85e98a618fb36cdcc37501d8b9b8c1246651cc2f2db3a70702832523e0ae12f4",
                "sha256:8e945fc814bdc29564a2ce137c237b3a9848aa1e76a1160369b6e0d328151fdd",
                "sha256:c8a2e2931eea7e500fbf8e014b69022f3fab2e35a70da882e2fc753e5e487ae3",
                "sha256:e0ad3d860b9ce88a74cf7414bb4b1c6fd833813e7b818e76f49272c4974b19ce",
                "sha256:e1472ee231f323b4f4368b1b5f8f08481ed43af89697d45450c6ae4af46ac08a",
                "sha256:e19c8069f1a1450f835f23d47724530cf716d581fcafb398f534d044f806b8c2",
                "sha256:e9aef2b0b7687aecef48b1c6ff657d407ff24e75462877dcb888fa904c4a9c6d",
                "sha256:ea4b6df8ef7af38e864235256793bc3056e9699d991afcf6256fa298858582fc",
                "sha256:f9a4833530fe53001c351974e0c8bb660211b8d0358e592af185fec1ae12b2d0",
                "sha256:fd19d48440b152657966a52e627780c0ddbe9d907b8d7ee4598505e80a3c55c7",
                "sha256:fdbc2957b36115a576c515ffe963919f19d2683f3c76c9304ae88ef59f6b5ca6"
            ],
            "markers": "python_version >= '3.6'",
            "version": "==3.0.8"
        },
        "psycopg2": {
            "hashes": [
                "sha256:132efc7ee46a763e68a815f4d26223d9c679953cd190f1f218187cb60decf535",
                "sha256:2327bf42c1744a434ed8ed0bbaa9168cac7ee5a22a9001f6fc85c33b8a4a14b7",
                "sha256:27c633f2d5db0fc27b51f1b08f410715b59fa3802987aec91aeb8f562724e95c",
                "sha256:2c0afb40cfb4d53487ee2ebe128649028c9a78d2476d14a67781e45dc287f080",
                "sha256:2df2bf1b87305bd95eb3ac666ee1f00a9c83d10927b8144e8e39644218f4cf81",
                "sha256:440a3ea2c955e89321a138eb7582aa1d22fe286c7d65e26a2c5411af0a88ae72",
                "sha256:6a471d4d2a6f14c97a882e8d3124869bc623f3df6177eefe02994ea41fd45b52",
                "sha256:6b306dae53ec7f4f67a10942cf8ac85de930ea90e9903e2df4001f69b7833f7e",
                "sha256:a0984ff49e176062fcdc8a5a2a670c9bb1704a2f69548bce8f8a7bad41c661bf",
                "sha256:ac5b23d0199c012ad91ed1bbb971b7666da651c6371529b1be8cbe2a7bf3c3a9",
                "sha256:acf56d564e443e3dea152efe972b1434058244298a94348fc518d6dd6a9fb0bb",
                "sha256:d3b29d717d39d3580efd760a9a46a7418408acebbb784717c90d708c9ed5f055",
                "sha256:f7d46240f7a1ae1dd95aab38bd74f7428d46531f69219954266d669da60c0818"
            ],
            "index": "pypi",
            "version": "==2.8.5"
        },
        "py": {
            "hashes": [
                "sha256:51c75c4126074b472f746a24399ad32f6053d1b34b68d2fa41e558e6f4a98719",
                "sha256:607c53218732647dff4acdfcd50cb62615cedf612e72d1724fb1a0cc6405b378"
            ],
            "markers": "python_version >= '2.7' and python_version not in '3.0, 3.1, 3.2, 3.3, 3.4'",
            "version": "==1.11.0"
        },
        "pybind11": {
            "hashes": [
                "sha256:c9571b8a6607c8e90ea156a2a455383b9911f89da414e9f5e251ab58dc3e3c71",
                "sha256:ebf3eeac46859a2e10077ae45378ba3f33d999a9064697a3464fba1a4a04fc0a"
            ],
            "markers": "python_version >= '3.6'",
            "version": "==2.10.1"
        },
        "pyparsing": {
            "hashes": [
                "sha256:2b020ecf7d21b687f219b71ecad3631f644a47f01403fa1d1036b0c6416d70fb",
                "sha256:5026bae9a10eeaefb61dab2f09052b9f4307d44aee4eda64b309723d8d206bbc"
            ],
            "markers": "python_full_version >= '3.6.8'",
            "version": "==3.0.9"
        },
        "pytest": {
            "hashes": [
                "sha256:5c0db86b698e8f170ba4582a492248919255fcd4c79b1ee64ace34301fb589a1",
                "sha256:7979331bfcba207414f5e1263b5a0f8f521d0f457318836a7355531ed1a4c7d8"
            ],
            "index": "pypi",
            "version": "==5.4.3"
        },
        "requests": {
            "hashes": [
                "sha256:68d7c56fd5a8999887728ef304a6d12edc7be74f1cfa47714fc8b414525c9a61",
                "sha256:f22fa1e554c9ddfd16e6e41ac79759e17be9e492b3587efa038054674760e72d"
            ],
            "markers": "python_version >= '2.7' and python_version not in '3.0, 3.1, 3.2, 3.3, 3.4, 3.5'",
            "version": "==2.27.1"
        },
        "setuptools": {
            "hashes": [
                "sha256:22c7348c6d2976a52632c67f7ab0cdf40147db7789f9aed18734643fe9cf3373",
                "sha256:4ce92f1e1f8f01233ee9952c04f6b81d1e02939d6e1b488428154974a4d0783e"
            ],
            "markers": "python_version >= '3.6'",
            "version": "==59.6.0"
        },
        "soupsieve": {
            "hashes": [
                "sha256:3b2503d3c7084a42b1ebd08116e5f81aadfaea95863628c80a3b774a11b7c759",
                "sha256:fc53893b3da2c33de295667a0e19f078c14bf86544af307354de5fcf12a3f30d"
            ],
            "markers": "python_version >= '3.6'",
            "version": "==2.3.2.post1"
        },
        "spacy": {
            "hashes": [
                "sha256:0024e192c4a7f0cfe831ae97596622018ecdae5a3f6ab77278fb4cc61bcd6a98",
                "sha256:0ceb0bf227f7d3c2343b73701a2a5685108e818ee6dce98de83a46667c8bf9b2",
                "sha256:1a125996322fc0ae54aaea34620722452da04eca78c97c78c17cd55bbc5782df",
                "sha256:4f0911c8855cf9ba7cdb1dc67761ef272e8f032865d559d4de45dcf8804c8e44",
                "sha256:52746167bfae7b96143bed3501e05f53be1c8c3b88399821c925b8f493fe07c5",
                "sha256:5b0ae84b5d27e49f09b97384d806b74c70bc5d937551d45fc1f12adfce20315b",
                "sha256:5d384dbba9fb9b1bf9b78e1e0541d3e8f3b2b8cb2ead3ece47ebf69631d4278d",
                "sha256:af3f3270cddca06ff697117e3b877a36915d7154b7c1a7b0413b8d50cf469de4",
                "sha256:f79629c449079157f6bb0bbc279c0ee558959d543b87d39a1ffd91062d96ceb5",
                "sha256:fef690d04fff75ed7f2cef9864c8b7cb4abc61981835598265c74e7df073efef"
            ],
            "index": "pypi",
            "version": "==2.3"
        },
        "srsly": {
            "hashes": [
                "sha256:0bd9fa567dd6e03b4f43e093072b78ec3cc9c531e5ad505246c2517c6b157c94",
                "sha256:10835501136aa32b10774fc7e07c00e7c26ee2b1f87b7975676f1ab414405448",
                "sha256:16ea0cefc969928eca71c7f41279c5a5251763d506a4f070fb97f4a905073d06",
                "sha256:1c6085af24c11fc28e01ed5f12f5eb7d335d1707ae20f7be6a05fc1d8c44a1cb",
                "sha256:1ffb0ba46a946a85aec2f8d04c98d0e3cb64827ea9776b511e296fac64929a33",
                "sha256:27cc9617c9fa4869b10233377310f3ce9042c10749ffd50c1a37f1375d4f2aba",
                "sha256:46d6fbb063c2f7e44289f834209f8735dc62b246108f7e479aa668cd0fcc5545",
                "sha256:48d8bc622c4713e3d57f5706e9aa012df11e9a64089edc238ecd741e7450eb2f",
                "sha256:4fe39d6e4cc10fae320f49c1005c4870360b616542c973b548751d08af2aab01",
                "sha256:5eeee67dc4b9c4e1bb9183aba86bca0cf3d6247b2b9e554ba73c1aaa377dbe62",
                "sha256:5f797065be1cc9978700473e8a66ecbb6f634ee45eed8609d3eae789a6ef5764",
                "sha256:6ca4b34da0580df89e232a78d6eb40709588e9ce73b0fca01571f13118213d57",
                "sha256:71413eca8bad072eaa61c4a8ec06ce7e6099123d630d67aa2ce63cf45bf05a65",
                "sha256:7dda57a85e9dbb25b51aa4ce823ae57995033554309df5734cf7d107cb98d850",
                "sha256:85c16f948342c0d660b255e330522a01e624f9c2f5c1ae35a81cef1c28351985",
                "sha256:88f7117262ffbeb9eac7574c4ad711b48658103863a32b08ccde5d0cb8d45f26",
                "sha256:91c00b9ea9c13cfbf81244fb4c5717863381323646689ab61a542e94dbdec370",
                "sha256:95185bc3696168d548af16e66831e38ef86fd3cad17e9b2da4ca4819aa990c3a",
                "sha256:958e894fba96cd735cd7b66189b30dc6f54647076c329001467c5cf2ce8bfb24",
                "sha256:962d3e3355397a74efe9eccf2fb9e372d6e69e433772b4d7509b5499f854788d",
                "sha256:96e08611bf02454321676df7782ef59cdaea6c591969a8d10a272b816539f2d9",
                "sha256:9d89081dcd4003ea12c569cfb56af0ae7f939fd3c403edcb3609f11847e189fa",
                "sha256:a07b7ef984bd4759f32fc23763d8138360b72b8529f91a4c950f9a5d22de54cd",
                "sha256:a1b2083aaaec1293c370916b9474cd8999f4495279f1bc9a534ec60dc396e564",
                "sha256:a333eca5e9d930b2d174b59b135e6156b1ed1f3521d35d84587331f89cefc5ca",
                "sha256:aee80b31bd721dcb9c568dd119623a016b88039b95f19fe2b52758e5f9163d1c",
                "sha256:ce4d41347fb10e9059d170d2182582b75149e9434deae2fa254c1daeea38140a",
                "sha256:e252b1a113c7e6ffadcda1f693702270bbb0f41dd1931a30386d48b2fc7ece24"
            ],
            "markers": "python_version >= '3.6'",
            "version": "==1.0.6"
        },
        "thinc": {
            "hashes": [
                "sha256:0139fa84dc9b8d88af15e648fc4ae13d899b8b5e49cb26a8f4a0604ee9ad8a9e",
                "sha256:061633bf334e3728173d59d6001e8cdef3839166c71e23b3c5f74f5fae3c0d7c",
                "sha256:0df8c5762359a3a4d8d494aa2eff11c4936c4f34559fe1b3ab1d13d24c76b509",
                "sha256:33db4a9182c78c8f4823b1765274bbb0caa8f4269dbd102f2e6ab2f7f91a6084",
                "sha256:36237f711f0b3da932bd28cc366a92f6f1b6d1f95ad6cbbc8166b94785b38e40",
                "sha256:387d25e57e53eed86d24f2657ab9555703043de27211764835a38e2e31b3c8e9",
                "sha256:55b9e02e4b8395cee0a8a810bd8af4d7600b04520bab60df1fc513d50a41eec5",
                "sha256:5d633cc5c210a02ba706ed7e800f4dc906ba1e10b85e3ed40d77fdb7e7674a20",
                "sha256:947806f4cbbcaf8dd046942acd5e52d55ac805303985a2e36de4734be5496bf1",
                "sha256:d3ff8cfbf583ac788a85f5e0e3cf00edf2f6bc5ba2b2ca264771870c07cb5717",
                "sha256:d70e71b0561bbf844bc9f737f60150b0f8f04dfd603151869d93a5735deb6219",
                "sha256:e2ebeeafd79bb86697388fccc5996d6ea1e69106e2a7fc3a1092d626b522cc01"
            ],
            "version": "==7.4.1"
        },
        "tqdm": {
            "hashes": [
                "sha256:5f4f682a004951c1b450bc753c710e9280c5746ce6ffedee253ddbcbf54cf1e4",
                "sha256:6fee160d6ffcd1b1c68c65f14c829c22832bc401726335ce92c52d395944a6a1"
            ],
            "markers": "python_version >= '2.7' and python_version not in '3.0, 3.1, 3.2, 3.3'",
            "version": "==4.64.1"
        },
        "typing-extensions": {
            "hashes": [
                "sha256:1a9462dcc3347a79b1f1c0271fbe79e844580bb598bafa1ed208b94da3cdcd42",
                "sha256:21c85e0fe4b9a155d0799430b0ad741cdce7e359660ccbd8b530613e8df88ce2"
            ],
            "markers": "python_version < '3.8'",
            "version": "==4.1.1"
        },
        "urllib3": {
            "hashes": [
                "sha256:47cc05d99aaa09c9e72ed5809b60e7ba354e64b59c9c173ac3018642d8bb41fc",
                "sha256:c083dd0dce68dbfbe1129d5271cb90f9447dea7d52097c6e0126120c521ddea8"
            ],
            "markers": "python_version >= '2.7' and python_version not in '3.0, 3.1, 3.2, 3.3, 3.4, 3.5'",
            "version": "==1.26.13"
        },
        "wasabi": {
            "hashes": [
                "sha256:c8e372781be19272942382b14d99314d175518d7822057cb7a97010c4259d249",
                "sha256:fe862cc24034fbc9f04717cd312ab884f71f51a8ecabebc3449b751c2a649d83"
            ],
            "version": "==0.10.1"
        },
        "wcwidth": {
            "hashes": [
                "sha256:beb4802a9cebb9144e99086eff703a642a13d6a0052920003a230f3294bbe784",
                "sha256:c4d647b99872929fdb7bdcaa4fbe7f01413ed3d98077df798530e5b04f116c83"
            ],
            "version": "==0.2.5"
        },
        "zipp": {
            "hashes": [
                "sha256:71c644c5369f4a6e07636f0aa966270449561fcea2e3d6747b8d23efaa9d7832",
                "sha256:9fe5ea21568a0a70e50f273397638d39b03353731e6cbbb3fd8502a33fec40bc"
            ],
            "markers": "python_version < '3.8'",
            "version": "==3.6.0"
        }
    },
    "develop": {}
}
